// !$*UTF8*$!
{
	archiveVersion = 1;
	classes = {
	};
	objectVersion = 48;
	objects = {

/* Begin PBXBuildFile section */
		257C84578D016C082437A014 /* Pods_Movie_BrowserTests.framework in Frameworks */ = {isa = PBXBuildFile; fileRef = 27AA4090D1F1E9D6E21756E3 /* Pods_Movie_BrowserTests.framework */; };
		55BC445852C8829E9CA642A9 /* Pods_Movie_Browser.framework in Frameworks */ = {isa = PBXBuildFile; fileRef = 2E9FE7307864FA722FF562F3 /* Pods_Movie_Browser.framework */; };
		5C221FB620B87465003E7706 /* API.swift in Sources */ = {isa = PBXBuildFile; fileRef = 5C221FB520B87465003E7706 /* API.swift */; };
		5C3FC78120B869690093D8D5 /* Movie.swift in Sources */ = {isa = PBXBuildFile; fileRef = 5C3FC78020B869690093D8D5 /* Movie.swift */; };
		5C3FC78320B86C1E0093D8D5 /* MovieResults.swift in Sources */ = {isa = PBXBuildFile; fileRef = 5C3FC78220B86C1E0093D8D5 /* MovieResults.swift */; };
		5C3FC78520B86E1E0093D8D5 /* MovieAPI.swift in Sources */ = {isa = PBXBuildFile; fileRef = 5C3FC78420B86E1E0093D8D5 /* MovieAPI.swift */; };
		5C635A2320B821E100229A57 /* Main.storyboard in Resources */ = {isa = PBXBuildFile; fileRef = 5C635A2120B821E100229A57 /* Main.storyboard */; };
		5C635A2820B821E100229A57 /* LaunchScreen.storyboard in Resources */ = {isa = PBXBuildFile; fileRef = 5C635A2620B821E100229A57 /* LaunchScreen.storyboard */; };
		5C635A3320B821E200229A57 /* MDSATTests.swift in Sources */ = {isa = PBXBuildFile; fileRef = 5C635A3220B821E200229A57 /* MDSATTests.swift */; };
		5C635A3E20B821E200229A57 /* MDSATUITests.swift in Sources */ = {isa = PBXBuildFile; fileRef = 5C635A3D20B821E200229A57 /* MDSATUITests.swift */; };
		5C635A5720B8243A00229A57 /* AppDelegate.swift in Sources */ = {isa = PBXBuildFile; fileRef = 5C635A5620B8243A00229A57 /* AppDelegate.swift */; };
		5C635A6220B82AD200229A57 /* Assets.xcassets in Resources */ = {isa = PBXBuildFile; fileRef = 5C635A6120B82AD200229A57 /* Assets.xcassets */; };
		5C635A6720B82F9E00229A57 /* MoviesVC.swift in Sources */ = {isa = PBXBuildFile; fileRef = 5C635A6620B82F9E00229A57 /* MoviesVC.swift */; };
		5C95497420B9BFEB00AA922B /* MoviesBrowserCell.swift in Sources */ = {isa = PBXBuildFile; fileRef = 5C95497320B9BFEB00AA922B /* MoviesBrowserCell.swift */; };
		CAEABF0F48066FF5EA4FE124 /* Pods_Movie_BrowserUITests.framework in Frameworks */ = {isa = PBXBuildFile; fileRef = BFA758FE1CBE8D8F5C64087E /* Pods_Movie_BrowserUITests.framework */; };
/* End PBXBuildFile section */

/* Begin PBXContainerItemProxy section */
		5C635A2F20B821E200229A57 /* PBXContainerItemProxy */ = {
			isa = PBXContainerItemProxy;
			containerPortal = 5C635A1220B821E100229A57 /* Project object */;
			proxyType = 1;
			remoteGlobalIDString = 5C635A1920B821E100229A57;
			remoteInfo = MDSAT;
		};
		5C635A3A20B821E200229A57 /* PBXContainerItemProxy */ = {
			isa = PBXContainerItemProxy;
			containerPortal = 5C635A1220B821E100229A57 /* Project object */;
			proxyType = 1;
			remoteGlobalIDString = 5C635A1920B821E100229A57;
			remoteInfo = MDSAT;
		};
/* End PBXContainerItemProxy section */

/* Begin PBXFileReference section */
		27AA4090D1F1E9D6E21756E3 /* Pods_Movie_BrowserTests.framework */ = {isa = PBXFileReference; explicitFileType = wrapper.framework; includeInIndex = 0; path = Pods_Movie_BrowserTests.framework; sourceTree = BUILT_PRODUCTS_DIR; };
		2E9FE7307864FA722FF562F3 /* Pods_Movie_Browser.framework */ = {isa = PBXFileReference; explicitFileType = wrapper.framework; includeInIndex = 0; path = Pods_Movie_Browser.framework; sourceTree = BUILT_PRODUCTS_DIR; };
		39723187C9C7299EE7302D96 /* Pods-Movie BrowserTests.debug.xcconfig */ = {isa = PBXFileReference; includeInIndex = 1; lastKnownFileType = text.xcconfig; name = "Pods-Movie BrowserTests.debug.xcconfig"; path = "Pods/Target Support Files/Pods-Movie BrowserTests/Pods-Movie BrowserTests.debug.xcconfig"; sourceTree = "<group>"; };
		4DB805379CC8D2AE6267B0B1 /* Pods-Movie BrowserUITests.debug.xcconfig */ = {isa = PBXFileReference; includeInIndex = 1; lastKnownFileType = text.xcconfig; name = "Pods-Movie BrowserUITests.debug.xcconfig"; path = "Pods/Target Support Files/Pods-Movie BrowserUITests/Pods-Movie BrowserUITests.debug.xcconfig"; sourceTree = "<group>"; };
		5C221FB520B87465003E7706 /* API.swift */ = {isa = PBXFileReference; lastKnownFileType = sourcecode.swift; path = API.swift; sourceTree = "<group>"; };
		5C3FC78020B869690093D8D5 /* Movie.swift */ = {isa = PBXFileReference; lastKnownFileType = sourcecode.swift; path = Movie.swift; sourceTree = "<group>"; };
		5C3FC78220B86C1E0093D8D5 /* MovieResults.swift */ = {isa = PBXFileReference; lastKnownFileType = sourcecode.swift; path = MovieResults.swift; sourceTree = "<group>"; };
		5C3FC78420B86E1E0093D8D5 /* MovieAPI.swift */ = {isa = PBXFileReference; lastKnownFileType = sourcecode.swift; path = MovieAPI.swift; sourceTree = "<group>"; };
		5C635A1A20B821E100229A57 /* Movie Browser.app */ = {isa = PBXFileReference; explicitFileType = wrapper.application; includeInIndex = 0; path = "Movie Browser.app"; sourceTree = BUILT_PRODUCTS_DIR; };
		5C635A2220B821E100229A57 /* Base */ = {isa = PBXFileReference; lastKnownFileType = file.storyboard; name = Base; path = Base.lproj/Main.storyboard; sourceTree = "<group>"; };
		5C635A2720B821E100229A57 /* Base */ = {isa = PBXFileReference; lastKnownFileType = file.storyboard; name = Base; path = Base.lproj/LaunchScreen.storyboard; sourceTree = "<group>"; };
		5C635A2920B821E100229A57 /* Info.plist */ = {isa = PBXFileReference; lastKnownFileType = text.plist.xml; path = Info.plist; sourceTree = "<group>"; };
		5C635A2E20B821E200229A57 /* Movie BrowserTests.xctest */ = {isa = PBXFileReference; explicitFileType = wrapper.cfbundle; includeInIndex = 0; path = "Movie BrowserTests.xctest"; sourceTree = BUILT_PRODUCTS_DIR; };
		5C635A3220B821E200229A57 /* MDSATTests.swift */ = {isa = PBXFileReference; lastKnownFileType = sourcecode.swift; path = MDSATTests.swift; sourceTree = "<group>"; };
		5C635A3420B821E200229A57 /* Info.plist */ = {isa = PBXFileReference; lastKnownFileType = text.plist.xml; path = Info.plist; sourceTree = "<group>"; };
		5C635A3920B821E200229A57 /* Movie BrowserUITests.xctest */ = {isa = PBXFileReference; explicitFileType = wrapper.cfbundle; includeInIndex = 0; path = "Movie BrowserUITests.xctest"; sourceTree = BUILT_PRODUCTS_DIR; };
		5C635A3D20B821E200229A57 /* MDSATUITests.swift */ = {isa = PBXFileReference; lastKnownFileType = sourcecode.swift; path = MDSATUITests.swift; sourceTree = "<group>"; };
		5C635A3F20B821E200229A57 /* Info.plist */ = {isa = PBXFileReference; lastKnownFileType = text.plist.xml; path = Info.plist; sourceTree = "<group>"; };
		5C635A5620B8243A00229A57 /* AppDelegate.swift */ = {isa = PBXFileReference; fileEncoding = 4; lastKnownFileType = sourcecode.swift; path = AppDelegate.swift; sourceTree = "<group>"; };
		5C635A6120B82AD200229A57 /* Assets.xcassets */ = {isa = PBXFileReference; lastKnownFileType = folder.assetcatalog; path = Assets.xcassets; sourceTree = "<group>"; };
		5C635A6620B82F9E00229A57 /* MoviesVC.swift */ = {isa = PBXFileReference; fileEncoding = 4; lastKnownFileType = sourcecode.swift; path = MoviesVC.swift; sourceTree = "<group>"; };
		5C95497320B9BFEB00AA922B /* MoviesBrowserCell.swift */ = {isa = PBXFileReference; lastKnownFileType = sourcecode.swift; path = MoviesBrowserCell.swift; sourceTree = "<group>"; };
		89C9CCCCDEBFF50891E774EB /* Pods-Movie Browser.debug.xcconfig */ = {isa = PBXFileReference; includeInIndex = 1; lastKnownFileType = text.xcconfig; name = "Pods-Movie Browser.debug.xcconfig"; path = "Pods/Target Support Files/Pods-Movie Browser/Pods-Movie Browser.debug.xcconfig"; sourceTree = "<group>"; };
		A1E5B5EA822DADD6D7DC12C2 /* Pods-Movie BrowserUITests.release.xcconfig */ = {isa = PBXFileReference; includeInIndex = 1; lastKnownFileType = text.xcconfig; name = "Pods-Movie BrowserUITests.release.xcconfig"; path = "Pods/Target Support Files/Pods-Movie BrowserUITests/Pods-Movie BrowserUITests.release.xcconfig"; sourceTree = "<group>"; };
		B5D8F455C2EEE49E85F809F9 /* Pods-Movie Browser.release.xcconfig */ = {isa = PBXFileReference; includeInIndex = 1; lastKnownFileType = text.xcconfig; name = "Pods-Movie Browser.release.xcconfig"; path = "Pods/Target Support Files/Pods-Movie Browser/Pods-Movie Browser.release.xcconfig"; sourceTree = "<group>"; };
		BD0B39A6F325553B93F01207 /* Pods-Movie BrowserTests.release.xcconfig */ = {isa = PBXFileReference; includeInIndex = 1; lastKnownFileType = text.xcconfig; name = "Pods-Movie BrowserTests.release.xcconfig"; path = "Pods/Target Support Files/Pods-Movie BrowserTests/Pods-Movie BrowserTests.release.xcconfig"; sourceTree = "<group>"; };
		BFA758FE1CBE8D8F5C64087E /* Pods_Movie_BrowserUITests.framework */ = {isa = PBXFileReference; explicitFileType = wrapper.framework; includeInIndex = 0; path = Pods_Movie_BrowserUITests.framework; sourceTree = BUILT_PRODUCTS_DIR; };
/* End PBXFileReference section */

/* Begin PBXFrameworksBuildPhase section */
		5C635A1720B821E100229A57 /* Frameworks */ = {
			isa = PBXFrameworksBuildPhase;
			buildActionMask = 2147483647;
			files = (
				55BC445852C8829E9CA642A9 /* Pods_Movie_Browser.framework in Frameworks */,
			);
			runOnlyForDeploymentPostprocessing = 0;
		};
		5C635A2B20B821E200229A57 /* Frameworks */ = {
			isa = PBXFrameworksBuildPhase;
			buildActionMask = 2147483647;
			files = (
				257C84578D016C082437A014 /* Pods_Movie_BrowserTests.framework in Frameworks */,
			);
			runOnlyForDeploymentPostprocessing = 0;
		};
		5C635A3620B821E200229A57 /* Frameworks */ = {
			isa = PBXFrameworksBuildPhase;
			buildActionMask = 2147483647;
			files = (
				CAEABF0F48066FF5EA4FE124 /* Pods_Movie_BrowserUITests.framework in Frameworks */,
			);
			runOnlyForDeploymentPostprocessing = 0;
		};
/* End PBXFrameworksBuildPhase section */

/* Begin PBXGroup section */
		3FAD7E81EAA236985A773027 /* Frameworks */ = {
			isa = PBXGroup;
			children = (
				2E9FE7307864FA722FF562F3 /* Pods_Movie_Browser.framework */,
				27AA4090D1F1E9D6E21756E3 /* Pods_Movie_BrowserTests.framework */,
				BFA758FE1CBE8D8F5C64087E /* Pods_Movie_BrowserUITests.framework */,
			);
			name = Frameworks;
			sourceTree = "<group>";
		};
		5C635A1120B821E100229A57 = {
			isa = PBXGroup;
			children = (
				5C635A1C20B821E100229A57 /* Movie Browser */,
				5C635A3120B821E200229A57 /* MovieBrowserTests */,
				5C635A3C20B821E200229A57 /* MovieBrowserUITests */,
				5C635A1B20B821E100229A57 /* Products */,
				D01E7B0FA2AD6300C90697AC /* Pods */,
				3FAD7E81EAA236985A773027 /* Frameworks */,
			);
			sourceTree = "<group>";
		};
		5C635A1B20B821E100229A57 /* Products */ = {
			isa = PBXGroup;
			children = (
				5C635A1A20B821E100229A57 /* Movie Browser.app */,
				5C635A2E20B821E200229A57 /* Movie BrowserTests.xctest */,
				5C635A3920B821E200229A57 /* Movie BrowserUITests.xctest */,
			);
			name = Products;
			sourceTree = "<group>";
		};
		5C635A1C20B821E100229A57 /* Movie Browser */ = {
			isa = PBXGroup;
			children = (
				5C635A6820B82FCA00229A57 /* Helpers */,
				5C635A6920B82FCA00229A57 /* Network */,
				5C635A6520B82F9E00229A57 /* Controller */,
				5C635A6320B82F9E00229A57 /* Model */,
				5C635A6420B82F9E00229A57 /* View */,
				5C635A6020B82AD200229A57 /* Resources */,
				5C635A5820B824BF00229A57 /* Interface */,
				5C635A5520B8243A00229A57 /* Global */,
				5C635A2920B821E100229A57 /* Info.plist */,
			);
			path = "Movie Browser";
			sourceTree = "<group>";
		};
		5C635A3120B821E200229A57 /* MovieBrowserTests */ = {
			isa = PBXGroup;
			children = (
				5C635A3220B821E200229A57 /* MDSATTests.swift */,
				5C635A3420B821E200229A57 /* Info.plist */,
			);
			path = MovieBrowserTests;
			sourceTree = "<group>";
		};
		5C635A3C20B821E200229A57 /* MovieBrowserUITests */ = {
			isa = PBXGroup;
			children = (
				5C635A3D20B821E200229A57 /* MDSATUITests.swift */,
				5C635A3F20B821E200229A57 /* Info.plist */,
			);
			path = MovieBrowserUITests;
			sourceTree = "<group>";
		};
		5C635A5520B8243A00229A57 /* Global */ = {
			isa = PBXGroup;
			children = (
				5C635A5620B8243A00229A57 /* AppDelegate.swift */,
			);
			path = Global;
			sourceTree = "<group>";
		};
		5C635A5820B824BF00229A57 /* Interface */ = {
			isa = PBXGroup;
			children = (
				5C635A2120B821E100229A57 /* Main.storyboard */,
				5C635A2620B821E100229A57 /* LaunchScreen.storyboard */,
			);
			path = Interface;
			sourceTree = "<group>";
		};
		5C635A6020B82AD200229A57 /* Resources */ = {
			isa = PBXGroup;
			children = (
				5C635A6120B82AD200229A57 /* Assets.xcassets */,
			);
			path = Resources;
			sourceTree = "<group>";
		};
		5C635A6320B82F9E00229A57 /* Model */ = {
			isa = PBXGroup;
			children = (
				5C3FC78020B869690093D8D5 /* Movie.swift */,
				5C3FC78220B86C1E0093D8D5 /* MovieResults.swift */,
			);
			path = Model;
			sourceTree = "<group>";
		};
		5C635A6420B82F9E00229A57 /* View */ = {
			isa = PBXGroup;
			children = (
				5C95497320B9BFEB00AA922B /* MoviesBrowserCell.swift */,
			);
			path = View;
			sourceTree = "<group>";
		};
		5C635A6520B82F9E00229A57 /* Controller */ = {
			isa = PBXGroup;
			children = (
				5C635A6620B82F9E00229A57 /* MoviesVC.swift */,
			);
			path = Controller;
			sourceTree = "<group>";
		};
		5C635A6820B82FCA00229A57 /* Helpers */ = {
			isa = PBXGroup;
			children = (
			);
			path = Helpers;
			sourceTree = "<group>";
		};
		5C635A6920B82FCA00229A57 /* Network */ = {
			isa = PBXGroup;
			children = (
				5C3FC78420B86E1E0093D8D5 /* MovieAPI.swift */,
				5C221FB520B87465003E7706 /* API.swift */,
			);
			path = Network;
			sourceTree = "<group>";
		};
		D01E7B0FA2AD6300C90697AC /* Pods */ = {
			isa = PBXGroup;
			children = (
				89C9CCCCDEBFF50891E774EB /* Pods-Movie Browser.debug.xcconfig */,
				B5D8F455C2EEE49E85F809F9 /* Pods-Movie Browser.release.xcconfig */,
				39723187C9C7299EE7302D96 /* Pods-Movie BrowserTests.debug.xcconfig */,
				BD0B39A6F325553B93F01207 /* Pods-Movie BrowserTests.release.xcconfig */,
				4DB805379CC8D2AE6267B0B1 /* Pods-Movie BrowserUITests.debug.xcconfig */,
				A1E5B5EA822DADD6D7DC12C2 /* Pods-Movie BrowserUITests.release.xcconfig */,
			);
			name = Pods;
			sourceTree = "<group>";
		};
/* End PBXGroup section */

/* Begin PBXNativeTarget section */
		5C635A1920B821E100229A57 /* Movie Browser */ = {
			isa = PBXNativeTarget;
			buildConfigurationList = 5C635A4220B821E200229A57 /* Build configuration list for PBXNativeTarget "Movie Browser" */;
			buildPhases = (
				031036E5B5187C3E94FD48FF /* [CP] Check Pods Manifest.lock */,
				5C635A1620B821E100229A57 /* Sources */,
				5C635A1720B821E100229A57 /* Frameworks */,
				5C635A1820B821E100229A57 /* Resources */,
				D17EB168818E1CA3073E735F /* [CP] Embed Pods Frameworks */,
				66E9B11B6AEFA99FBAB32975 /* [CP] Copy Pods Resources */,
			);
			buildRules = (
			);
			dependencies = (
			);
			name = "Movie Browser";
			productName = MDSAT;
			productReference = 5C635A1A20B821E100229A57 /* Movie Browser.app */;
			productType = "com.apple.product-type.application";
		};
		5C635A2D20B821E200229A57 /* Movie BrowserTests */ = {
			isa = PBXNativeTarget;
			buildConfigurationList = 5C635A4520B821E200229A57 /* Build configuration list for PBXNativeTarget "Movie BrowserTests" */;
			buildPhases = (
				6EECBD65E05670EAF375A41C /* [CP] Check Pods Manifest.lock */,
				5C635A2A20B821E200229A57 /* Sources */,
				5C635A2B20B821E200229A57 /* Frameworks */,
				5C635A2C20B821E200229A57 /* Resources */,
				3B797043A2F7595A66A9D138 /* [CP] Embed Pods Frameworks */,
				C3098C9BE3CE2551B071901E /* [CP] Copy Pods Resources */,
			);
			buildRules = (
			);
			dependencies = (
				5C635A3020B821E200229A57 /* PBXTargetDependency */,
			);
			name = "Movie BrowserTests";
			productName = MDSATTests;
			productReference = 5C635A2E20B821E200229A57 /* Movie BrowserTests.xctest */;
			productType = "com.apple.product-type.bundle.unit-test";
		};
		5C635A3820B821E200229A57 /* Movie BrowserUITests */ = {
			isa = PBXNativeTarget;
			buildConfigurationList = 5C635A4820B821E200229A57 /* Build configuration list for PBXNativeTarget "Movie BrowserUITests" */;
			buildPhases = (
				642264E3246A84B04244DA26 /* [CP] Check Pods Manifest.lock */,
				5C635A3520B821E200229A57 /* Sources */,
				5C635A3620B821E200229A57 /* Frameworks */,
				5C635A3720B821E200229A57 /* Resources */,
				813F6D94BC9C8F1758827E55 /* [CP] Embed Pods Frameworks */,
				BF02A2FF5FF8D36E2D12C59B /* [CP] Copy Pods Resources */,
			);
			buildRules = (
			);
			dependencies = (
				5C635A3B20B821E200229A57 /* PBXTargetDependency */,
			);
			name = "Movie BrowserUITests";
			productName = MDSATUITests;
			productReference = 5C635A3920B821E200229A57 /* Movie BrowserUITests.xctest */;
			productType = "com.apple.product-type.bundle.ui-testing";
		};
/* End PBXNativeTarget section */

/* Begin PBXProject section */
		5C635A1220B821E100229A57 /* Project object */ = {
			isa = PBXProject;
			attributes = {
				LastSwiftUpdateCheck = 0920;
				LastUpgradeCheck = 0920;
				ORGANIZATIONNAME = "Salman Qureshi";
				TargetAttributes = {
					5C635A1920B821E100229A57 = {
						CreatedOnToolsVersion = 9.2;
						ProvisioningStyle = Automatic;
					};
					5C635A2D20B821E200229A57 = {
						CreatedOnToolsVersion = 9.2;
						ProvisioningStyle = Automatic;
						TestTargetID = 5C635A1920B821E100229A57;
					};
					5C635A3820B821E200229A57 = {
						CreatedOnToolsVersion = 9.2;
						ProvisioningStyle = Automatic;
						TestTargetID = 5C635A1920B821E100229A57;
					};
				};
			};
			buildConfigurationList = 5C635A1520B821E100229A57 /* Build configuration list for PBXProject "Movie Browser" */;
			compatibilityVersion = "Xcode 8.0";
			developmentRegion = en;
			hasScannedForEncodings = 0;
			knownRegions = (
				en,
				Base,
			);
			mainGroup = 5C635A1120B821E100229A57;
			productRefGroup = 5C635A1B20B821E100229A57 /* Products */;
			projectDirPath = "";
			projectRoot = "";
			targets = (
				5C635A1920B821E100229A57 /* Movie Browser */,
				5C635A2D20B821E200229A57 /* Movie BrowserTests */,
				5C635A3820B821E200229A57 /* Movie BrowserUITests */,
			);
		};
/* End PBXProject section */

/* Begin PBXResourcesBuildPhase section */
		5C635A1820B821E100229A57 /* Resources */ = {
			isa = PBXResourcesBuildPhase;
			buildActionMask = 2147483647;
			files = (
				5C635A2820B821E100229A57 /* LaunchScreen.storyboard in Resources */,
				5C635A6220B82AD200229A57 /* Assets.xcassets in Resources */,
				5C635A2320B821E100229A57 /* Main.storyboard in Resources */,
			);
			runOnlyForDeploymentPostprocessing = 0;
		};
		5C635A2C20B821E200229A57 /* Resources */ = {
			isa = PBXResourcesBuildPhase;
			buildActionMask = 2147483647;
			files = (
			);
			runOnlyForDeploymentPostprocessing = 0;
		};
		5C635A3720B821E200229A57 /* Resources */ = {
			isa = PBXResourcesBuildPhase;
			buildActionMask = 2147483647;
			files = (
			);
			runOnlyForDeploymentPostprocessing = 0;
		};
/* End PBXResourcesBuildPhase section */

/* Begin PBXShellScriptBuildPhase section */
		031036E5B5187C3E94FD48FF /* [CP] Check Pods Manifest.lock */ = {
			isa = PBXShellScriptBuildPhase;
			buildActionMask = 2147483647;
			files = (
			);
			inputPaths = (
				"${PODS_PODFILE_DIR_PATH}/Podfile.lock",
				"${PODS_ROOT}/Manifest.lock",
			);
			name = "[CP] Check Pods Manifest.lock";
			outputPaths = (
				"$(DERIVED_FILE_DIR)/Pods-Movie Browser-checkManifestLockResult.txt",
			);
			runOnlyForDeploymentPostprocessing = 0;
			shellPath = /bin/sh;
			shellScript = "diff \"${PODS_PODFILE_DIR_PATH}/Podfile.lock\" \"${PODS_ROOT}/Manifest.lock\" > /dev/null\nif [ $? != 0 ] ; then\n    # print error to STDERR\n    echo \"error: The sandbox is not in sync with the Podfile.lock. Run 'pod install' or update your CocoaPods installation.\" >&2\n    exit 1\nfi\n# This output is used by Xcode 'outputs' to avoid re-running this script phase.\necho \"SUCCESS\" > \"${SCRIPT_OUTPUT_FILE_0}\"\n";
			showEnvVarsInLog = 0;
		};
		3B797043A2F7595A66A9D138 /* [CP] Embed Pods Frameworks */ = {
			isa = PBXShellScriptBuildPhase;
			buildActionMask = 2147483647;
			files = (
			);
			inputPaths = (
			);
			name = "[CP] Embed Pods Frameworks";
			outputPaths = (
			);
			runOnlyForDeploymentPostprocessing = 0;
			shellPath = /bin/sh;
			shellScript = "\"${SRCROOT}/Pods/Target Support Files/Pods-Movie BrowserTests/Pods-Movie BrowserTests-frameworks.sh\"\n";
			showEnvVarsInLog = 0;
		};
		642264E3246A84B04244DA26 /* [CP] Check Pods Manifest.lock */ = {
			isa = PBXShellScriptBuildPhase;
			buildActionMask = 2147483647;
			files = (
			);
			inputPaths = (
				"${PODS_PODFILE_DIR_PATH}/Podfile.lock",
				"${PODS_ROOT}/Manifest.lock",
			);
			name = "[CP] Check Pods Manifest.lock";
			outputPaths = (
				"$(DERIVED_FILE_DIR)/Pods-Movie BrowserUITests-checkManifestLockResult.txt",
			);
			runOnlyForDeploymentPostprocessing = 0;
			shellPath = /bin/sh;
			shellScript = "diff \"${PODS_PODFILE_DIR_PATH}/Podfile.lock\" \"${PODS_ROOT}/Manifest.lock\" > /dev/null\nif [ $? != 0 ] ; then\n    # print error to STDERR\n    echo \"error: The sandbox is not in sync with the Podfile.lock. Run 'pod install' or update your CocoaPods installation.\" >&2\n    exit 1\nfi\n# This output is used by Xcode 'outputs' to avoid re-running this script phase.\necho \"SUCCESS\" > \"${SCRIPT_OUTPUT_FILE_0}\"\n";
			showEnvVarsInLog = 0;
		};
		66E9B11B6AEFA99FBAB32975 /* [CP] Copy Pods Resources */ = {
			isa = PBXShellScriptBuildPhase;
			buildActionMask = 2147483647;
			files = (
			);
			inputPaths = (
			);
			name = "[CP] Copy Pods Resources";
			outputPaths = (
			);
			runOnlyForDeploymentPostprocessing = 0;
			shellPath = /bin/sh;
			shellScript = "\"${SRCROOT}/Pods/Target Support Files/Pods-Movie Browser/Pods-Movie Browser-resources.sh\"\n";
			showEnvVarsInLog = 0;
		};
		6EECBD65E05670EAF375A41C /* [CP] Check Pods Manifest.lock */ = {
			isa = PBXShellScriptBuildPhase;
			buildActionMask = 2147483647;
			files = (
			);
			inputPaths = (
				"${PODS_PODFILE_DIR_PATH}/Podfile.lock",
				"${PODS_ROOT}/Manifest.lock",
			);
			name = "[CP] Check Pods Manifest.lock";
			outputPaths = (
				"$(DERIVED_FILE_DIR)/Pods-Movie BrowserTests-checkManifestLockResult.txt",
			);
			runOnlyForDeploymentPostprocessing = 0;
			shellPath = /bin/sh;
			shellScript = "diff \"${PODS_PODFILE_DIR_PATH}/Podfile.lock\" \"${PODS_ROOT}/Manifest.lock\" > /dev/null\nif [ $? != 0 ] ; then\n    # print error to STDERR\n    echo \"error: The sandbox is not in sync with the Podfile.lock. Run 'pod install' or update your CocoaPods installation.\" >&2\n    exit 1\nfi\n# This output is used by Xcode 'outputs' to avoid re-running this script phase.\necho \"SUCCESS\" > \"${SCRIPT_OUTPUT_FILE_0}\"\n";
			showEnvVarsInLog = 0;
		};
		813F6D94BC9C8F1758827E55 /* [CP] Embed Pods Frameworks */ = {
			isa = PBXShellScriptBuildPhase;
			buildActionMask = 2147483647;
			files = (
			);
			inputPaths = (
			);
			name = "[CP] Embed Pods Frameworks";
			outputPaths = (
			);
			runOnlyForDeploymentPostprocessing = 0;
			shellPath = /bin/sh;
			shellScript = "\"${SRCROOT}/Pods/Target Support Files/Pods-Movie BrowserUITests/Pods-Movie BrowserUITests-frameworks.sh\"\n";
			showEnvVarsInLog = 0;
		};
		BF02A2FF5FF8D36E2D12C59B /* [CP] Copy Pods Resources */ = {
			isa = PBXShellScriptBuildPhase;
			buildActionMask = 2147483647;
			files = (
			);
			inputPaths = (
			);
			name = "[CP] Copy Pods Resources";
			outputPaths = (
			);
			runOnlyForDeploymentPostprocessing = 0;
			shellPath = /bin/sh;
			shellScript = "\"${SRCROOT}/Pods/Target Support Files/Pods-Movie BrowserUITests/Pods-Movie BrowserUITests-resources.sh\"\n";
			showEnvVarsInLog = 0;
		};
		C3098C9BE3CE2551B071901E /* [CP] Copy Pods Resources */ = {
			isa = PBXShellScriptBuildPhase;
			buildActionMask = 2147483647;
			files = (
			);
			inputPaths = (
			);
			name = "[CP] Copy Pods Resources";
			outputPaths = (
			);
			runOnlyForDeploymentPostprocessing = 0;
			shellPath = /bin/sh;
			shellScript = "\"${SRCROOT}/Pods/Target Support Files/Pods-Movie BrowserTests/Pods-Movie BrowserTests-resources.sh\"\n";
			showEnvVarsInLog = 0;
		};
		D17EB168818E1CA3073E735F /* [CP] Embed Pods Frameworks */ = {
			isa = PBXShellScriptBuildPhase;
			buildActionMask = 2147483647;
			files = (
			);
			inputPaths = (
				"${SRCROOT}/Pods/Target Support Files/Pods-Movie Browser/Pods-Movie Browser-frameworks.sh",
				"${BUILT_PRODUCTS_DIR}/Alamofire/Alamofire.framework",
				"${BUILT_PRODUCTS_DIR}/Kingfisher/Kingfisher.framework",
				"${BUILT_PRODUCTS_DIR}/Moya/Moya.framework",
				"${BUILT_PRODUCTS_DIR}/Result/Result.framework",
			);
			name = "[CP] Embed Pods Frameworks";
			outputPaths = (
				"${TARGET_BUILD_DIR}/${FRAMEWORKS_FOLDER_PATH}/Alamofire.framework",
				"${TARGET_BUILD_DIR}/${FRAMEWORKS_FOLDER_PATH}/Kingfisher.framework",
				"${TARGET_BUILD_DIR}/${FRAMEWORKS_FOLDER_PATH}/Moya.framework",
				"${TARGET_BUILD_DIR}/${FRAMEWORKS_FOLDER_PATH}/Result.framework",
			);
			runOnlyForDeploymentPostprocessing = 0;
			shellPath = /bin/sh;
			shellScript = "\"${SRCROOT}/Pods/Target Support Files/Pods-Movie Browser/Pods-Movie Browser-frameworks.sh\"\n";
			showEnvVarsInLog = 0;
		};
/* End PBXShellScriptBuildPhase section */

/* Begin PBXSourcesBuildPhase section */
		5C635A1620B821E100229A57 /* Sources */ = {
			isa = PBXSourcesBuildPhase;
			buildActionMask = 2147483647;
			files = (
				5C635A5720B8243A00229A57 /* AppDelegate.swift in Sources */,
				5C635A6720B82F9E00229A57 /* MoviesVC.swift in Sources */,
				5C95497420B9BFEB00AA922B /* MoviesBrowserCell.swift in Sources */,
				5C3FC78120B869690093D8D5 /* Movie.swift in Sources */,
				5C3FC78320B86C1E0093D8D5 /* MovieResults.swift in Sources */,
				5C221FB620B87465003E7706 /* API.swift in Sources */,
				5C3FC78520B86E1E0093D8D5 /* MovieAPI.swift in Sources */,
			);
			runOnlyForDeploymentPostprocessing = 0;
		};
		5C635A2A20B821E200229A57 /* Sources */ = {
			isa = PBXSourcesBuildPhase;
			buildActionMask = 2147483647;
			files = (
				5C635A3320B821E200229A57 /* MDSATTests.swift in Sources */,
			);
			runOnlyForDeploymentPostprocessing = 0;
		};
		5C635A3520B821E200229A57 /* Sources */ = {
			isa = PBXSourcesBuildPhase;
			buildActionMask = 2147483647;
			files = (
				5C635A3E20B821E200229A57 /* MDSATUITests.swift in Sources */,
			);
			runOnlyForDeploymentPostprocessing = 0;
		};
/* End PBXSourcesBuildPhase section */

/* Begin PBXTargetDependency section */
		5C635A3020B821E200229A57 /* PBXTargetDependency */ = {
			isa = PBXTargetDependency;
			target = 5C635A1920B821E100229A57 /* Movie Browser */;
			targetProxy = 5C635A2F20B821E200229A57 /* PBXContainerItemProxy */;
		};
		5C635A3B20B821E200229A57 /* PBXTargetDependency */ = {
			isa = PBXTargetDependency;
			target = 5C635A1920B821E100229A57 /* Movie Browser */;
			targetProxy = 5C635A3A20B821E200229A57 /* PBXContainerItemProxy */;
		};
/* End PBXTargetDependency section */

/* Begin PBXVariantGroup section */
		5C635A2120B821E100229A57 /* Main.storyboard */ = {
			isa = PBXVariantGroup;
			children = (
				5C635A2220B821E100229A57 /* Base */,
			);
			name = Main.storyboard;
			sourceTree = "<group>";
		};
		5C635A2620B821E100229A57 /* LaunchScreen.storyboard */ = {
			isa = PBXVariantGroup;
			children = (
				5C635A2720B821E100229A57 /* Base */,
			);
			name = LaunchScreen.storyboard;
			sourceTree = "<group>";
		};
/* End PBXVariantGroup section */

/* Begin XCBuildConfiguration section */
		5C635A4020B821E200229A57 /* Debug */ = {
			isa = XCBuildConfiguration;
			buildSettings = {
				ALWAYS_SEARCH_USER_PATHS = NO;
				CLANG_ANALYZER_NONNULL = YES;
				CLANG_ANALYZER_NUMBER_OBJECT_CONVERSION = YES_AGGRESSIVE;
				CLANG_CXX_LANGUAGE_STANDARD = "gnu++14";
				CLANG_CXX_LIBRARY = "libc++";
				CLANG_ENABLE_MODULES = YES;
				CLANG_ENABLE_OBJC_ARC = YES;
				CLANG_WARN_BLOCK_CAPTURE_AUTORELEASING = YES;
				CLANG_WARN_BOOL_CONVERSION = YES;
				CLANG_WARN_COMMA = YES;
				CLANG_WARN_CONSTANT_CONVERSION = YES;
				CLANG_WARN_DIRECT_OBJC_ISA_USAGE = YES_ERROR;
				CLANG_WARN_DOCUMENTATION_COMMENTS = YES;
				CLANG_WARN_EMPTY_BODY = YES;
				CLANG_WARN_ENUM_CONVERSION = YES;
				CLANG_WARN_INFINITE_RECURSION = YES;
				CLANG_WARN_INT_CONVERSION = YES;
				CLANG_WARN_NON_LITERAL_NULL_CONVERSION = YES;
				CLANG_WARN_OBJC_LITERAL_CONVERSION = YES;
				CLANG_WARN_OBJC_ROOT_CLASS = YES_ERROR;
				CLANG_WARN_RANGE_LOOP_ANALYSIS = YES;
				CLANG_WARN_STRICT_PROTOTYPES = YES;
				CLANG_WARN_SUSPICIOUS_MOVE = YES;
				CLANG_WARN_UNGUARDED_AVAILABILITY = YES_AGGRESSIVE;
				CLANG_WARN_UNREACHABLE_CODE = YES;
				CLANG_WARN__DUPLICATE_METHOD_MATCH = YES;
				CODE_SIGN_IDENTITY = "iPhone Developer";
				COPY_PHASE_STRIP = NO;
				DEBUG_INFORMATION_FORMAT = dwarf;
				ENABLE_STRICT_OBJC_MSGSEND = YES;
				ENABLE_TESTABILITY = YES;
				GCC_C_LANGUAGE_STANDARD = gnu11;
				GCC_DYNAMIC_NO_PIC = NO;
				GCC_NO_COMMON_BLOCKS = YES;
				GCC_OPTIMIZATION_LEVEL = 0;
				GCC_PREPROCESSOR_DEFINITIONS = (
					"DEBUG=1",
					"$(inherited)",
				);
				GCC_WARN_64_TO_32_BIT_CONVERSION = YES;
				GCC_WARN_ABOUT_RETURN_TYPE = YES_ERROR;
				GCC_WARN_UNDECLARED_SELECTOR = YES;
				GCC_WARN_UNINITIALIZED_AUTOS = YES_AGGRESSIVE;
				GCC_WARN_UNUSED_FUNCTION = YES;
				GCC_WARN_UNUSED_VARIABLE = YES;
				INFOPLIST_FILE = "Movie Browser";
				IPHONEOS_DEPLOYMENT_TARGET = 11.2;
				MTL_ENABLE_DEBUG_INFO = YES;
				ONLY_ACTIVE_ARCH = YES;
				PRODUCT_BUNDLE_IDENTIFIER = "Movie Browser";
				SDKROOT = iphoneos;
				SWIFT_ACTIVE_COMPILATION_CONDITIONS = DEBUG;
				SWIFT_OPTIMIZATION_LEVEL = "-Onone";
			};
			name = Debug;
		};
		5C635A4120B821E200229A57 /* Release */ = {
			isa = XCBuildConfiguration;
			buildSettings = {
				ALWAYS_SEARCH_USER_PATHS = NO;
				CLANG_ANALYZER_NONNULL = YES;
				CLANG_ANALYZER_NUMBER_OBJECT_CONVERSION = YES_AGGRESSIVE;
				CLANG_CXX_LANGUAGE_STANDARD = "gnu++14";
				CLANG_CXX_LIBRARY = "libc++";
				CLANG_ENABLE_MODULES = YES;
				CLANG_ENABLE_OBJC_ARC = YES;
				CLANG_WARN_BLOCK_CAPTURE_AUTORELEASING = YES;
				CLANG_WARN_BOOL_CONVERSION = YES;
				CLANG_WARN_COMMA = YES;
				CLANG_WARN_CONSTANT_CONVERSION = YES;
				CLANG_WARN_DIRECT_OBJC_ISA_USAGE = YES_ERROR;
				CLANG_WARN_DOCUMENTATION_COMMENTS = YES;
				CLANG_WARN_EMPTY_BODY = YES;
				CLANG_WARN_ENUM_CONVERSION = YES;
				CLANG_WARN_INFINITE_RECURSION = YES;
				CLANG_WARN_INT_CONVERSION = YES;
				CLANG_WARN_NON_LITERAL_NULL_CONVERSION = YES;
				CLANG_WARN_OBJC_LITERAL_CONVERSION = YES;
				CLANG_WARN_OBJC_ROOT_CLASS = YES_ERROR;
				CLANG_WARN_RANGE_LOOP_ANALYSIS = YES;
				CLANG_WARN_STRICT_PROTOTYPES = YES;
				CLANG_WARN_SUSPICIOUS_MOVE = YES;
				CLANG_WARN_UNGUARDED_AVAILABILITY = YES_AGGRESSIVE;
				CLANG_WARN_UNREACHABLE_CODE = YES;
				CLANG_WARN__DUPLICATE_METHOD_MATCH = YES;
				CODE_SIGN_IDENTITY = "iPhone Developer";
				COPY_PHASE_STRIP = NO;
				DEBUG_INFORMATION_FORMAT = "dwarf-with-dsym";
				ENABLE_NS_ASSERTIONS = NO;
				ENABLE_STRICT_OBJC_MSGSEND = YES;
				GCC_C_LANGUAGE_STANDARD = gnu11;
				GCC_NO_COMMON_BLOCKS = YES;
				GCC_WARN_64_TO_32_BIT_CONVERSION = YES;
				GCC_WARN_ABOUT_RETURN_TYPE = YES_ERROR;
				GCC_WARN_UNDECLARED_SELECTOR = YES;
				GCC_WARN_UNINITIALIZED_AUTOS = YES_AGGRESSIVE;
				GCC_WARN_UNUSED_FUNCTION = YES;
				GCC_WARN_UNUSED_VARIABLE = YES;
				INFOPLIST_FILE = "Movie Browser";
				IPHONEOS_DEPLOYMENT_TARGET = 11.2;
				MTL_ENABLE_DEBUG_INFO = NO;
				PRODUCT_BUNDLE_IDENTIFIER = "Movie Browser";
				SDKROOT = iphoneos;
				SWIFT_OPTIMIZATION_LEVEL = "-Owholemodule";
				VALIDATE_PRODUCT = YES;
			};
			name = Release;
		};
		5C635A4320B821E200229A57 /* Debug */ = {
			isa = XCBuildConfiguration;
			baseConfigurationReference = 89C9CCCCDEBFF50891E774EB /* Pods-Movie Browser.debug.xcconfig */;
			buildSettings = {
				ASSETCATALOG_COMPILER_APPICON_NAME = AppIcon;
				CODE_SIGN_STYLE = Automatic;
				DEVELOPMENT_TEAM = HPXZYNJ6XC;
				INFOPLIST_FILE = "Movie Browser/Info.plist";
				IPHONEOS_DEPLOYMENT_TARGET = 11.0;
				LD_RUNPATH_SEARCH_PATHS = "$(inherited) @executable_path/Frameworks";
				PRODUCT_BUNDLE_IDENTIFIER = tech.iSalman.MovieBrowser;
				PRODUCT_NAME = "$(TARGET_NAME)";
				SWIFT_VERSION = 4.0;
				TARGETED_DEVICE_FAMILY = "1,2";
			};
			name = Debug;
		};
		5C635A4420B821E200229A57 /* Release */ = {
			isa = XCBuildConfiguration;
			baseConfigurationReference = B5D8F455C2EEE49E85F809F9 /* Pods-Movie Browser.release.xcconfig */;
			buildSettings = {
				ASSETCATALOG_COMPILER_APPICON_NAME = AppIcon;
				CODE_SIGN_STYLE = Automatic;
				DEVELOPMENT_TEAM = HPXZYNJ6XC;
				INFOPLIST_FILE = "Movie Browser/Info.plist";
				IPHONEOS_DEPLOYMENT_TARGET = 11.0;
				LD_RUNPATH_SEARCH_PATHS = "$(inherited) @executable_path/Frameworks";
				PRODUCT_BUNDLE_IDENTIFIER = tech.iSalman.MovieBrowser;
				PRODUCT_NAME = "$(TARGET_NAME)";
				SWIFT_VERSION = 4.0;
				TARGETED_DEVICE_FAMILY = "1,2";
			};
			name = Release;
		};
		5C635A4620B821E200229A57 /* Debug */ = {
			isa = XCBuildConfiguration;
			baseConfigurationReference = 39723187C9C7299EE7302D96 /* Pods-Movie BrowserTests.debug.xcconfig */;
			buildSettings = {
				ALWAYS_EMBED_SWIFT_STANDARD_LIBRARIES = YES;
				BUNDLE_LOADER = "$(TEST_HOST)";
				CODE_SIGN_STYLE = Automatic;
				DEVELOPMENT_TEAM = M23A37PYWG;
				INFOPLIST_FILE = MDSATTests/Info.plist;
				LD_RUNPATH_SEARCH_PATHS = "$(inherited) @executable_path/Frameworks @loader_path/Frameworks";
				PRODUCT_BUNDLE_IDENTIFIER = tech.iSalman.MDSATTests;
				PRODUCT_NAME = "$(TARGET_NAME)";
				SWIFT_VERSION = 4.0;
				TARGETED_DEVICE_FAMILY = "1,2";
				TEST_HOST = "$(BUILT_PRODUCTS_DIR)/Movie Browser.app/Movie Browser";
			};
			name = Debug;
		};
		5C635A4720B821E200229A57 /* Release */ = {
			isa = XCBuildConfiguration;
			baseConfigurationReference = BD0B39A6F325553B93F01207 /* Pods-Movie BrowserTests.release.xcconfig */;
			buildSettings = {
				ALWAYS_EMBED_SWIFT_STANDARD_LIBRARIES = YES;
				BUNDLE_LOADER = "$(TEST_HOST)";
				CODE_SIGN_STYLE = Automatic;
				DEVELOPMENT_TEAM = M23A37PYWG;
				INFOPLIST_FILE = MDSATTests/Info.plist;
				LD_RUNPATH_SEARCH_PATHS = "$(inherited) @executable_path/Frameworks @loader_path/Frameworks";
				PRODUCT_BUNDLE_IDENTIFIER = tech.iSalman.MDSATTests;
				PRODUCT_NAME = "$(TARGET_NAME)";
				SWIFT_VERSION = 4.0;
				TARGETED_DEVICE_FAMILY = "1,2";
				TEST_HOST = "$(BUILT_PRODUCTS_DIR)/Movie Browser.app/Movie Browser";
			};
			name = Release;
		};
		5C635A4920B821E200229A57 /* Debug */ = {
			isa = XCBuildConfiguration;
			baseConfigurationReference = 4DB805379CC8D2AE6267B0B1 /* Pods-Movie BrowserUITests.debug.xcconfig */;
			buildSettings = {
				ALWAYS_EMBED_SWIFT_STANDARD_LIBRARIES = YES;
				CODE_SIGN_STYLE = Automatic;
				DEVELOPMENT_TEAM = M23A37PYWG;
				INFOPLIST_FILE = MDSATUITests/Info.plist;
				LD_RUNPATH_SEARCH_PATHS = "$(inherited) @executable_path/Frameworks @loader_path/Frameworks";
				PRODUCT_BUNDLE_IDENTIFIER = tech.iSalman.MDSATUITests;
				PRODUCT_NAME = "$(TARGET_NAME)";
				SWIFT_VERSION = 4.0;
				TARGETED_DEVICE_FAMILY = "1,2";
				TEST_TARGET_NAME = MDSAT;
			};
			name = Debug;
		};
		5C635A4A20B821E200229A57 /* Release */ = {
			isa = XCBuildConfiguration;
			baseConfigurationReference = A1E5B5EA822DADD6D7DC12C2 /* Pods-Movie BrowserUITests.release.xcconfig */;
			buildSettings = {
				ALWAYS_EMBED_SWIFT_STANDARD_LIBRARIES = YES;
				CODE_SIGN_STYLE = Automatic;
				DEVELOPMENT_TEAM = M23A37PYWG;
				INFOPLIST_FILE = MDSATUITests/Info.plist;
				LD_RUNPATH_SEARCH_PATHS = "$(inherited) @executable_path/Frameworks @loader_path/Frameworks";
				PRODUCT_BUNDLE_IDENTIFIER = tech.iSalman.MDSATUITests;
				PRODUCT_NAME = "$(TARGET_NAME)";
				SWIFT_VERSION = 4.0;
				TARGETED_DEVICE_FAMILY = "1,2";
				TEST_TARGET_NAME = MDSAT;
			};
			name = Release;
		};
/* End XCBuildConfiguration section */

/* Begin XCConfigurationList section */
		5C635A1520B821E100229A57 /* Build configuration list for PBXProject "Movie Browser" */ = {
			isa = XCConfigurationList;
			buildConfigurations = (
				5C635A4020B821E200229A57 /* Debug */,
				5C635A4120B821E200229A57 /* Release */,
			);
			defaultConfigurationIsVisible = 0;
			defaultConfigurationName = Release;
		};
		5C635A4220B821E200229A57 /* Build configuration list for PBXNativeTarget "Movie Browser" */ = {
			isa = XCConfigurationList;
			buildConfigurations = (
				5C635A4320B821E200229A57 /* Debug */,
				5C635A4420B821E200229A57 /* Release */,
			);
			defaultConfigurationIsVisible = 0;
			defaultConfigurationName = Release;
		};
		5C635A4520B821E200229A57 /* Build configuration list for PBXNativeTarget "Movie BrowserTests" */ = {
			isa = XCConfigurationList;
			buildConfigurations = (
				5C635A4620B821E200229A57 /* Debug */,
				5C635A4720B821E200229A57 /* Release */,
			);
			defaultConfigurationIsVisible = 0;
			defaultConfigurationName = Release;
		};
		5C635A4820B821E200229A57 /* Build configuration list for PBXNativeTarget "Movie BrowserUITests" */ = {
			isa = XCConfigurationList;
			buildConfigurations = (
				5C635A4920B821E200229A57 /* Debug */,
				5C635A4A20B821E200229A57 /* Release */,
			);
			defaultConfigurationIsVisible = 0;
			defaultConfigurationName = Release;
		};
/* End XCConfigurationList section */
	};
	rootObject = 5C635A1220B821E100229A57 /* Project object */;
}
